
Microsoft Visual Studio Solution File, Format Version 12.00
# Visual Studio Version 17
VisualStudioVersion = 17.4.33213.308
MinimumVisualStudioVersion = 10.0.40219.1
Project("{FAE04EC0-301F-11D3-BF4B-00C04F79EFBC}") = "14.ecuaciones líneas de primer grado", "14.ecuaciones líneas de primer grado.csproj", "{F62E6E60-F317-47D8-8EA9-376A223FFDD5}"
EndProject
Global
	GlobalSection(SolutionConfigurationPlatforms) = preSolution
		Debug|Any CPU = Debug|Any CPU
		Release|Any CPU = Release|Any CPU
	EndGlobalSection
	GlobalSection(ProjectConfigurationPlatforms) = postSolution
		{F62E6E60-F317-47D8-8EA9-376A223FFDD5}.Debug|Any CPU.ActiveCfg = Debug|Any CPU
		{F62E6E60-F317-47D8-8EA9-376A223FFDD5}.Debug|Any CPU.Build.0 = Debug|Any CPU
		{F62E6E60-F317-47D8-8EA9-376A223FFDD5}.Release|Any CPU.ActiveCfg = Release|Any CPU
		{F62E6E60-F317-47D8-8EA9-376A223FFDD5}.Release|Any CPU.Build.0 = Release|Any CPU
	EndGlobalSection
	GlobalSection(SolutionProperties) = preSolution
		HideSolutionNode = FALSE
	EndGlobalSection
	GlobalSection(ExtensibilityGlobals) = postSolution
		SolutionGuid = {775F9C0F-2896-4009-8D06-AB33D8D1D521}
	EndGlobalSection
EndGlobal
